
Microsoft Visual Studio Solution File, Format Version 12.00
# Visual Studio Version 17
VisualStudioVersion = 17.1.32228.430
MinimumVisualStudioVersion = 10.0.40219.1
Project("{FAE04EC0-301F-11D3-BF4B-00C04F79EFBC}") = "API", "API\API.csproj", "{184C97EC-321D-4D79-B2AF-C038BB8264D2}"
EndProject
Project("{FAE04EC0-301F-11D3-BF4B-00C04F79EFBC}") = "Application", "Application\Application.csproj", "{22CCFB38-D87E-482E-AE35-0E6A05E002D5}"
EndProject
Project("{FAE04EC0-301F-11D3-BF4B-00C04F79EFBC}") = "Domain", "Domain\Domain.csproj", "{2EA3A3F2-8493-4EA3-B37E-82F9AEB40FB4}"
EndProject
Project("{FAE04EC0-301F-11D3-BF4B-00C04F79EFBC}") = "Persistence", "Persistence\Persistence.csproj", "{CDD8A6D6-4A42-4003-9B80-C6D742FCA422}"
EndProject
Global
	GlobalSection(SolutionConfigurationPlatforms) = preSolution
		Debug|Any CPU = Debug|Any CPU
		Release|Any CPU = Release|Any CPU
	EndGlobalSection
	GlobalSection(ProjectConfigurationPlatforms) = postSolution
		{184C97EC-321D-4D79-B2AF-C038BB8264D2}.Debug|Any CPU.ActiveCfg = Debug|Any CPU
		{184C97EC-321D-4D79-B2AF-C038BB8264D2}.Debug|Any CPU.Build.0 = Debug|Any CPU
		{184C97EC-321D-4D79-B2AF-C038BB8264D2}.Release|Any CPU.ActiveCfg = Release|Any CPU
		{184C97EC-321D-4D79-B2AF-C038BB8264D2}.Release|Any CPU.Build.0 = Release|Any CPU
		{22CCFB38-D87E-482E-AE35-0E6A05E002D5}.Debug|Any CPU.ActiveCfg = Debug|Any CPU
		{22CCFB38-D87E-482E-AE35-0E6A05E002D5}.Debug|Any CPU.Build.0 = Debug|Any CPU
		{22CCFB38-D87E-482E-AE35-0E6A05E002D5}.Release|Any CPU.ActiveCfg = Release|Any CPU
		{22CCFB38-D87E-482E-AE35-0E6A05E002D5}.Release|Any CPU.Build.0 = Release|Any CPU
		{2EA3A3F2-8493-4EA3-B37E-82F9AEB40FB4}.Debug|Any CPU.ActiveCfg = Debug|Any CPU
		{2EA3A3F2-8493-4EA3-B37E-82F9AEB40FB4}.Debug|Any CPU.Build.0 = Debug|Any CPU
		{2EA3A3F2-8493-4EA3-B37E-82F9AEB40FB4}.Release|Any CPU.ActiveCfg = Release|Any CPU
		{2EA3A3F2-8493-4EA3-B37E-82F9AEB40FB4}.Release|Any CPU.Build.0 = Release|Any CPU
		{CDD8A6D6-4A42-4003-9B80-C6D742FCA422}.Debug|Any CPU.ActiveCfg = Debug|Any CPU
		{CDD8A6D6-4A42-4003-9B80-C6D742FCA422}.Debug|Any CPU.Build.0 = Debug|Any CPU
		{CDD8A6D6-4A42-4003-9B80-C6D742FCA422}.Release|Any CPU.ActiveCfg = Release|Any CPU
		{CDD8A6D6-4A42-4003-9B80-C6D742FCA422}.Release|Any CPU.Build.0 = Release|Any CPU
	EndGlobalSection
	GlobalSection(SolutionProperties) = preSolution
		HideSolutionNode = FALSE
	EndGlobalSection
	GlobalSection(ExtensibilityGlobals) = postSolution
		SolutionGuid = {18BF9158-C272-44BB-BE80-46409667BA3E}
	EndGlobalSection
EndGlobal
